
Microsoft Visual Studio Solution File, Format Version 12.00
# Visual Studio Version 17
VisualStudioVersion = 17.9.34723.18
MinimumVisualStudioVersion = 10.0.40219.1
Project("{FAE04EC0-301F-11D3-BF4B-00C04F79EFBC}") = "HelloGoodbye", "HelloGoodbye\HelloGoodbye.csproj", "{F3FD609F-BC5E-4A57-A57C-D9289E707C1A}"
EndProject
Global
	GlobalSection(SolutionConfigurationPlatforms) = preSolution
		Debug|Any CPU = Debug|Any CPU
		Release|Any CPU = Release|Any CPU
	EndGlobalSection
	GlobalSection(ProjectConfigurationPlatforms) = postSolution
		{F3FD609F-BC5E-4A57-A57C-D9289E707C1A}.Debug|Any CPU.ActiveCfg = Debug|Any CPU
		{F3FD609F-BC5E-4A57-A57C-D9289E707C1A}.Debug|Any CPU.Build.0 = Debug|Any CPU
		{F3FD609F-BC5E-4A57-A57C-D9289E707C1A}.Release|Any CPU.ActiveCfg = Release|Any CPU
		{F3FD609F-BC5E-4A57-A57C-D9289E707C1A}.Release|Any CPU.Build.0 = Release|Any CPU
	EndGlobalSection
	GlobalSection(SolutionProperties) = preSolution
		HideSolutionNode = FALSE
	EndGlobalSection
	GlobalSection(ExtensibilityGlobals) = postSolution
		SolutionGuid = {AD46E25A-6C5D-4C53-AD62-765E26F97B6B}
	EndGlobalSection
EndGlobal
